
Microsoft Visual Studio Solution File, Format Version 12.00
# Visual Studio Version 17
VisualStudioVersion = 17.4.33122.133
MinimumVisualStudioVersion = 10.0.40219.1
Project("{FAE04EC0-301F-11D3-BF4B-00C04F79EFBC}") = "EmpProject", "EmpProject\EmpProject.csproj", "{52608F87-015C-42B0-98DB-DA6C4FB6333D}"
EndProject
Global
	GlobalSection(SolutionConfigurationPlatforms) = preSolution
		Debug|Any CPU = Debug|Any CPU
		Release|Any CPU = Release|Any CPU
	EndGlobalSection
	GlobalSection(ProjectConfigurationPlatforms) = postSolution
		{52608F87-015C-42B0-98DB-DA6C4FB6333D}.Debug|Any CPU.ActiveCfg = Debug|Any CPU
		{52608F87-015C-42B0-98DB-DA6C4FB6333D}.Debug|Any CPU.Build.0 = Debug|Any CPU
		{52608F87-015C-42B0-98DB-DA6C4FB6333D}.Release|Any CPU.ActiveCfg = Release|Any CPU
		{52608F87-015C-42B0-98DB-DA6C4FB6333D}.Release|Any CPU.Build.0 = Release|Any CPU
	EndGlobalSection
	GlobalSection(SolutionProperties) = preSolution
		HideSolutionNode = FALSE
	EndGlobalSection
	GlobalSection(ExtensibilityGlobals) = postSolution
		SolutionGuid = {8572AFB9-B902-4ABB-941A-62D711868C29}
	EndGlobalSection
EndGlobal
